{
  "name": "myapp",
  "version": "1.0.0",
  "lockfileVersion": 3,
  "requires": true,
  "packages": {
    "": {
      "name": "myapp",
      "version": "1.0.0",
      "license": "ISC",
      "dependencies": {
        "@psobral89/fluentsql": "^2.0.0"
      }
    },
    "node_modules/@psobral89/fluentsql": {
      "version": "2.0.1",
      "resolved": "https://registry.npmjs.org/@psobral89/fluentsql/-/fluentsql-2.0.1.tgz",
      "integrity": "sha512-2EuoG2JTfMb8Xguo9+ijyMjhfVsyKY/jEocVhu92A1JrSn3HxocQKi2++5MoHVt6LlJRw1b+XMT3EpkbjVBzUA==",
      "dependencies": {
        "source-map": "^0.7.4"
      },
      "engines": {
        "node": "18.18.2"
      }
    },
    "node_modules/source-map": {
      "version": "0.7.4",
      "resolved": "https://registry.npmjs.org/source-map/-/source-map-0.7.4.tgz",
      "integrity": "sha512-l3BikUxvPOcn5E74dZiq5BGsTb5yEwhaTSzccU6t4sDOH8NWJCstKO5QT2CvtFoK6F0saL7p9xHAqHOlCPJygA==",
      "engines": {
        "node": ">= 8"
      }
    }
  }
}
