{
  "name": "myapp",
  "version": "1.0.0",
  "lockfileVersion": 3,
  "requires": true,
  "packages": {
    "": {
      "name": "myapp",
      "version": "1.0.0",
      "license": "ISC",
      "dependencies": {
        "@psobral89/fluentsql": "^1.0.1"
      }
    },
    "node_modules/@psobral89/fluentsql": {
      "version": "1.0.2",
      "resolved": "https://registry.npmjs.org/@psobral89/fluentsql/-/fluentsql-1.0.2.tgz",
      "integrity": "sha512-SRfND99mvjcsWK2XXUEDcezv2CGUUHSk0OKz1SQSpH9BpneF6n48o9tUVFr4Q4N6xVTPr+PYlT8TKor3tNRObA=="
    }
  }
}
