{
  "name": "myapp",
  "version": "1.0.0",
  "lockfileVersion": 3,
  "requires": true,
  "packages": {
    "": {
      "name": "myapp",
      "version": "1.0.0",
      "license": "ISC",
      "dependencies": {
        "@psobral89/fluentsql": "^1.0.0"
      }
    },
    "node_modules/@psobral89/fluentsql": {
      "version": "1.0.0",
      "resolved": "https://registry.npmjs.org/@psobral89/fluentsql/-/fluentsql-1.0.0.tgz",
      "integrity": "sha512-WX5HiIJq9Ols3Img34swHi67efBl1Tj0dHb4i6hcFRH3dY43BzsWkhqpWU9J6p4cRR4f1mEnmlCq89b8rFisIQ=="
    }
  }
}
