{
  "name": "app",
  "version": "1.0.0",
  "lockfileVersion": 2,
  "requires": true,
  "packages": {
    "": {
      "name": "app",
      "version": "1.0.0",
      "license": "ISC",
      "dependencies": {
        "@psobral89/date-util": "^1.0.0"
      },
      "engines": {
        "node": "v16.20.2"
      }
    },
    "node_modules/@psobral89/date-util": {
      "version": "1.0.0",
      "resolved": "http://localhost:4873/@psobral89/date-util/-/date-util-1.0.0.tgz",
      "integrity": "sha512-aAwomqDmX7pFKNWCwPsk49senbv+KQapOqE2wqdfZEZ4A/I4BK90GnwoNbGU509zQuXvfKonE8PtmKge/zTS4w==",
      "dependencies": {
        "@psobral89/string-util": "^1.0.0"
      },
      "engines": {
        "node": "v16.20.2"
      }
    },
    "node_modules/@psobral89/string-util": {
      "version": "1.0.0",
      "resolved": "http://localhost:4873/@psobral89/string-util/-/string-util-1.0.0.tgz",
      "integrity": "sha512-6GdW0WsVciYA0Mzr1byEX8IIFcqcOYAYFE37fF2kafCn3NMpCw8I+8Cj4MfczO2tsE+8KPBUllH3ZMB9kKzVhA==",
      "engines": {
        "node": "v16.20.2"
      }
    }
  },
  "dependencies": {
    "@psobral89/date-util": {
      "version": "1.0.0",
      "resolved": "http://localhost:4873/@psobral89/date-util/-/date-util-1.0.0.tgz",
      "integrity": "sha512-aAwomqDmX7pFKNWCwPsk49senbv+KQapOqE2wqdfZEZ4A/I4BK90GnwoNbGU509zQuXvfKonE8PtmKge/zTS4w==",
      "requires": {
        "@psobral89/string-util": "^1.0.0"
      }
    },
    "@psobral89/string-util": {
      "version": "1.0.0",
      "resolved": "http://localhost:4873/@psobral89/string-util/-/string-util-1.0.0.tgz",
      "integrity": "sha512-6GdW0WsVciYA0Mzr1byEX8IIFcqcOYAYFE37fF2kafCn3NMpCw8I+8Cj4MfczO2tsE+8KPBUllH3ZMB9kKzVhA=="
    }
  }
}
